
Microsoft Visual Studio Solution File, Format Version 12.00
# Visual Studio 15
VisualStudioVersion = 15.0.27130.2027
MinimumVisualStudioVersion = 10.0.40219.1
Project("{FAE04EC0-301F-11D3-BF4B-00C04F79EFBC}") = "Membership_Merge_Tool", "Membership_Merge_Tool\Membership_Merge_Tool.csproj", "{99AD8568-8C6B-4127-93CB-E66D6DFC738B}"
EndProject
Project("{FAE04EC0-301F-11D3-BF4B-00C04F79EFBC}") = "Membership_Merge_ToolTests", "Membership_Merge_ToolTests\Membership_Merge_ToolTests.csproj", "{1CCF1867-991F-4E05-BB05-A37997EA3C12}"
EndProject
Global
	GlobalSection(SolutionConfigurationPlatforms) = preSolution
		Debug|Any CPU = Debug|Any CPU
		Release|Any CPU = Release|Any CPU
	EndGlobalSection
	GlobalSection(ProjectConfigurationPlatforms) = postSolution
		{99AD8568-8C6B-4127-93CB-E66D6DFC738B}.Debug|Any CPU.ActiveCfg = Debug|Any CPU
		{99AD8568-8C6B-4127-93CB-E66D6DFC738B}.Debug|Any CPU.Build.0 = Debug|Any CPU
		{99AD8568-8C6B-4127-93CB-E66D6DFC738B}.Release|Any CPU.ActiveCfg = Release|Any CPU
		{99AD8568-8C6B-4127-93CB-E66D6DFC738B}.Release|Any CPU.Build.0 = Release|Any CPU
		{1CCF1867-991F-4E05-BB05-A37997EA3C12}.Debug|Any CPU.ActiveCfg = Debug|Any CPU
		{1CCF1867-991F-4E05-BB05-A37997EA3C12}.Debug|Any CPU.Build.0 = Debug|Any CPU
		{1CCF1867-991F-4E05-BB05-A37997EA3C12}.Release|Any CPU.ActiveCfg = Release|Any CPU
		{1CCF1867-991F-4E05-BB05-A37997EA3C12}.Release|Any CPU.Build.0 = Release|Any CPU
	EndGlobalSection
	GlobalSection(SolutionProperties) = preSolution
		HideSolutionNode = FALSE
	EndGlobalSection
	GlobalSection(ExtensibilityGlobals) = postSolution
		SolutionGuid = {01296521-FB47-43F1-9D49-B7D3997ED6B5}
	EndGlobalSection
EndGlobal
